
Microsoft Visual Studio Solution File, Format Version 12.00
# Visual Studio Version 16
VisualStudioVersion = 16.0.30907.101
MinimumVisualStudioVersion = 10.0.40219.1
Project("{8BC9CEB8-8B4A-11D0-8D11-00A0C91BC942}") = "Lab_cpp_workwithfile", "Lab_cpp_workwithfile.vcxproj", "{700E9599-2E9F-4D82-8512-ABBED39F0A69}"
EndProject
Global
	GlobalSection(SolutionConfigurationPlatforms) = preSolution
		Debug|x64 = Debug|x64
		Debug|x86 = Debug|x86
		Release|x64 = Release|x64
		Release|x86 = Release|x86
	EndGlobalSection
	GlobalSection(ProjectConfigurationPlatforms) = postSolution
		{700E9599-2E9F-4D82-8512-ABBED39F0A69}.Debug|x64.ActiveCfg = Debug|x64
		{700E9599-2E9F-4D82-8512-ABBED39F0A69}.Debug|x64.Build.0 = Debug|x64
		{700E9599-2E9F-4D82-8512-ABBED39F0A69}.Debug|x86.ActiveCfg = Debug|Win32
		{700E9599-2E9F-4D82-8512-ABBED39F0A69}.Debug|x86.Build.0 = Debug|Win32
		{700E9599-2E9F-4D82-8512-ABBED39F0A69}.Release|x64.ActiveCfg = Release|x64
		{700E9599-2E9F-4D82-8512-ABBED39F0A69}.Release|x64.Build.0 = Release|x64
		{700E9599-2E9F-4D82-8512-ABBED39F0A69}.Release|x86.ActiveCfg = Release|Win32
		{700E9599-2E9F-4D82-8512-ABBED39F0A69}.Release|x86.Build.0 = Release|Win32
	EndGlobalSection
	GlobalSection(SolutionProperties) = preSolution
		HideSolutionNode = FALSE
	EndGlobalSection
	GlobalSection(ExtensibilityGlobals) = postSolution
		SolutionGuid = {EB03B067-87DB-4A4F-9738-9C4862CCE567}
	EndGlobalSection
EndGlobal
